{
  "requires": true,
  "lockfileVersion": 1,
  "dependencies": {
    "marked": {
      "version": "1.2.8",
      "resolved": "https://registry.npmjs.org/marked/-/marked-1.2.8.tgz",
      "integrity": "sha512-lzmFjGnzWHkmbk85q/ILZjFoHHJIQGF+SxGEfIdGk/XhiTPhqGs37gbru6Kkd48diJnEyYwnG67nru0Z2gQtuQ=="
    }
  }
}
