
Microsoft Visual Studio Solution File, Format Version 12.00
# Visual Studio Version 16
VisualStudioVersion = 16.0.30011.22
MinimumVisualStudioVersion = 10.0.40219.1
Project("{FAE04EC0-301F-11D3-BF4B-00C04F79EFBC}") = "BL", "BL\BL.csproj", "{59203550-D63F-40AF-9E78-FF96B55DD8C3}"
EndProject
Project("{FAE04EC0-301F-11D3-BF4B-00C04F79EFBC}") = "DAL", "DAL\DAL.csproj", "{C9ABC2EA-D040-466A-A5DE-26C78D6D0E54}"
EndProject
Project("{FAE04EC0-301F-11D3-BF4B-00C04F79EFBC}") = "DTO", "DTO\DTO.csproj", "{6CBDF019-C364-43CD-AFF9-FA913DD13DE7}"
EndProject
Project("{FAE04EC0-301F-11D3-BF4B-00C04F79EFBC}") = "API", "API\API.csproj", "{93F695FA-6479-4C8B-B667-D4E7ED902AD3}"
EndProject
Global
	GlobalSection(SolutionConfigurationPlatforms) = preSolution
		Debug|Any CPU = Debug|Any CPU
		Release|Any CPU = Release|Any CPU
	EndGlobalSection
	GlobalSection(ProjectConfigurationPlatforms) = postSolution
		{59203550-D63F-40AF-9E78-FF96B55DD8C3}.Debug|Any CPU.ActiveCfg = Debug|Any CPU
		{59203550-D63F-40AF-9E78-FF96B55DD8C3}.Debug|Any CPU.Build.0 = Debug|Any CPU
		{59203550-D63F-40AF-9E78-FF96B55DD8C3}.Release|Any CPU.ActiveCfg = Release|Any CPU
		{59203550-D63F-40AF-9E78-FF96B55DD8C3}.Release|Any CPU.Build.0 = Release|Any CPU
		{C9ABC2EA-D040-466A-A5DE-26C78D6D0E54}.Debug|Any CPU.ActiveCfg = Debug|Any CPU
		{C9ABC2EA-D040-466A-A5DE-26C78D6D0E54}.Debug|Any CPU.Build.0 = Debug|Any CPU
		{C9ABC2EA-D040-466A-A5DE-26C78D6D0E54}.Release|Any CPU.ActiveCfg = Release|Any CPU
		{C9ABC2EA-D040-466A-A5DE-26C78D6D0E54}.Release|Any CPU.Build.0 = Release|Any CPU
		{6CBDF019-C364-43CD-AFF9-FA913DD13DE7}.Debug|Any CPU.ActiveCfg = Debug|Any CPU
		{6CBDF019-C364-43CD-AFF9-FA913DD13DE7}.Debug|Any CPU.Build.0 = Debug|Any CPU
		{6CBDF019-C364-43CD-AFF9-FA913DD13DE7}.Release|Any CPU.ActiveCfg = Release|Any CPU
		{6CBDF019-C364-43CD-AFF9-FA913DD13DE7}.Release|Any CPU.Build.0 = Release|Any CPU
		{93F695FA-6479-4C8B-B667-D4E7ED902AD3}.Debug|Any CPU.ActiveCfg = Debug|Any CPU
		{93F695FA-6479-4C8B-B667-D4E7ED902AD3}.Debug|Any CPU.Build.0 = Debug|Any CPU
		{93F695FA-6479-4C8B-B667-D4E7ED902AD3}.Release|Any CPU.ActiveCfg = Release|Any CPU
		{93F695FA-6479-4C8B-B667-D4E7ED902AD3}.Release|Any CPU.Build.0 = Release|Any CPU
	EndGlobalSection
	GlobalSection(SolutionProperties) = preSolution
		HideSolutionNode = FALSE
	EndGlobalSection
	GlobalSection(ExtensibilityGlobals) = postSolution
		SolutionGuid = {542421C8-202B-4054-9853-1C3B72EA6F9A}
	EndGlobalSection
EndGlobal
